github.com/devries/combs v0.1.0 h1:VhgcTi65ZIOSB0egX0QBZ7J/8MIL+wr7fYK7H2h67ko=
github.com/devries/combs v0.1.0/go.mod h1:Df3hDNHNDVLCaOWD1QUvRIav2/27fkMAPndY9gyY5m0=
github.com/spf13/pflag v1.0.5 h1:iy+VFUOCP1a+8yFto/drg2CJ5u0yRoB7fZw3DKv/JXA=
github.com/spf13/pflag v1.0.5/go.mod h1:McXfInJRrz4CZXVZOBLb0bTZqETkiAhM9Iw0y3An2Bg=
